
Microsoft Visual Studio Solution File, Format Version 12.00
# Visual Studio Version 17
VisualStudioVersion = 17.0.31912.275
MinimumVisualStudioVersion = 10.0.40219.1
Project("{FAE04EC0-301F-11D3-BF4B-00C04F79EFBC}") = "Flights.Web.Api", "Flights.Web.Api\Flights.Web.Api.csproj", "{CCE61F23-D83A-4B5B-AFC5-79695D24CE20}"
EndProject
Global
	GlobalSection(SolutionConfigurationPlatforms) = preSolution
		Debug|Any CPU = Debug|Any CPU
		Release|Any CPU = Release|Any CPU
	EndGlobalSection
	GlobalSection(ProjectConfigurationPlatforms) = postSolution
		{CCE61F23-D83A-4B5B-AFC5-79695D24CE20}.Debug|Any CPU.ActiveCfg = Debug|Any CPU
		{CCE61F23-D83A-4B5B-AFC5-79695D24CE20}.Debug|Any CPU.Build.0 = Debug|Any CPU
		{CCE61F23-D83A-4B5B-AFC5-79695D24CE20}.Release|Any CPU.ActiveCfg = Release|Any CPU
		{CCE61F23-D83A-4B5B-AFC5-79695D24CE20}.Release|Any CPU.Build.0 = Release|Any CPU
	EndGlobalSection
	GlobalSection(SolutionProperties) = preSolution
		HideSolutionNode = FALSE
	EndGlobalSection
	GlobalSection(ExtensibilityGlobals) = postSolution
		SolutionGuid = {3443C136-9CE9-4C09-A44C-FFD801AD47B9}
	EndGlobalSection
EndGlobal
